
Microsoft Visual Studio Solution File, Format Version 12.00
# Visual Studio 15
VisualStudioVersion = 15.0.26730.16
MinimumVisualStudioVersion = 10.0.40219.1
Project("{8BC9CEB8-8B4A-11D0-8D11-00A0C91BC942}") = "ArrayManipulation", "ArrayManipulation.vcxproj", "{65C8CDE4-0B71-4278-B5DC-1D11C757085C}"
EndProject
Global
	GlobalSection(SolutionConfigurationPlatforms) = preSolution
		Debug|x64 = Debug|x64
		Debug|x86 = Debug|x86
		Release|x64 = Release|x64
		Release|x86 = Release|x86
	EndGlobalSection
	GlobalSection(ProjectConfigurationPlatforms) = postSolution
		{65C8CDE4-0B71-4278-B5DC-1D11C757085C}.Debug|x64.ActiveCfg = Debug|x64
		{65C8CDE4-0B71-4278-B5DC-1D11C757085C}.Debug|x64.Build.0 = Debug|x64
		{65C8CDE4-0B71-4278-B5DC-1D11C757085C}.Debug|x86.ActiveCfg = Debug|Win32
		{65C8CDE4-0B71-4278-B5DC-1D11C757085C}.Debug|x86.Build.0 = Debug|Win32
		{65C8CDE4-0B71-4278-B5DC-1D11C757085C}.Release|x64.ActiveCfg = Release|x64
		{65C8CDE4-0B71-4278-B5DC-1D11C757085C}.Release|x64.Build.0 = Release|x64
		{65C8CDE4-0B71-4278-B5DC-1D11C757085C}.Release|x86.ActiveCfg = Release|Win32
		{65C8CDE4-0B71-4278-B5DC-1D11C757085C}.Release|x86.Build.0 = Release|Win32
	EndGlobalSection
	GlobalSection(SolutionProperties) = preSolution
		HideSolutionNode = FALSE
	EndGlobalSection
	GlobalSection(ExtensibilityGlobals) = postSolution
		SolutionGuid = {107EA488-EEA2-4810-94FB-6564291108C7}
	EndGlobalSection
EndGlobal
